// !$*UTF8*$!
{
	archiveVersion = 1;
	classes = {
	};
	objectVersion = 55;
	objects = {

/* Begin PBXBuildFile section */
		1BF5A2E8295F358200C7F5A8 /* amiiboApp.swift in Sources */ = {isa = PBXBuildFile; fileRef = 1BF5A2E7295F358200C7F5A8 /* amiiboApp.swift */; };
		1BF5A2EA295F358200C7F5A8 /* ContentView.swift in Sources */ = {isa = PBXBuildFile; fileRef = 1BF5A2E9295F358200C7F5A8 /* ContentView.swift */; };
		1BF5A2EC295F358400C7F5A8 /* Assets.xcassets in Resources */ = {isa = PBXBuildFile; fileRef = 1BF5A2EB295F358400C7F5A8 /* Assets.xcassets */; };
		1BF5A2EF295F358400C7F5A8 /* Preview Assets.xcassets in Resources */ = {isa = PBXBuildFile; fileRef = 1BF5A2EE295F358400C7F5A8 /* Preview Assets.xcassets */; };
		1BF5A2F7295F3F4800C7F5A8 /* amiibo.json in Resources */ = {isa = PBXBuildFile; fileRef = 1BF5A2F6295F3F4800C7F5A8 /* amiibo.json */; };
		1BF5A2FA295F42F300C7F5A8 /* Dados.swift in Sources */ = {isa = PBXBuildFile; fileRef = 1BF5A2F8295F42F300C7F5A8 /* Dados.swift */; };
		1BF5A2FB295F42F300C7F5A8 /* Amiibo.swift in Sources */ = {isa = PBXBuildFile; fileRef = 1BF5A2F9295F42F300C7F5A8 /* Amiibo.swift */; };
		1BF5A2FF295F5D9B00C7F5A8 /* DetailView.swift in Sources */ = {isa = PBXBuildFile; fileRef = 1BF5A2FE295F5D9B00C7F5A8 /* DetailView.swift */; };
		1BF5A301295F5DC300C7F5A8 /* LocationMapDialogView.swift in Sources */ = {isa = PBXBuildFile; fileRef = 1BF5A300295F5DC300C7F5A8 /* LocationMapDialogView.swift */; };
		1BF5A303295F5FCD00C7F5A8 /* MapView.swift in Sources */ = {isa = PBXBuildFile; fileRef = 1BF5A302295F5FCD00C7F5A8 /* MapView.swift */; };
		1BF5A307295F61A900C7F5A8 /* HomeView.swift in Sources */ = {isa = PBXBuildFile; fileRef = 1BF5A306295F61A900C7F5A8 /* HomeView.swift */; };
		1BF5A30B295FA7C500C7F5A8 /* .gitignore in Resources */ = {isa = PBXBuildFile; fileRef = 1BF5A30A295FA7C500C7F5A8 /* .gitignore */; };
/* End PBXBuildFile section */

/* Begin PBXFileReference section */
		1BF5A2E4295F358200C7F5A8 /* amiibo.app */ = {isa = PBXFileReference; explicitFileType = wrapper.application; includeInIndex = 0; path = amiibo.app; sourceTree = BUILT_PRODUCTS_DIR; };
		1BF5A2E7295F358200C7F5A8 /* amiiboApp.swift */ = {isa = PBXFileReference; lastKnownFileType = sourcecode.swift; path = amiiboApp.swift; sourceTree = "<group>"; };
		1BF5A2E9295F358200C7F5A8 /* ContentView.swift */ = {isa = PBXFileReference; lastKnownFileType = sourcecode.swift; path = ContentView.swift; sourceTree = "<group>"; };
		1BF5A2EB295F358400C7F5A8 /* Assets.xcassets */ = {isa = PBXFileReference; lastKnownFileType = folder.assetcatalog; path = Assets.xcassets; sourceTree = "<group>"; };
		1BF5A2EE295F358400C7F5A8 /* Preview Assets.xcassets */ = {isa = PBXFileReference; lastKnownFileType = folder.assetcatalog; path = "Preview Assets.xcassets"; sourceTree = "<group>"; };
		1BF5A2F6295F3F4800C7F5A8 /* amiibo.json */ = {isa = PBXFileReference; fileEncoding = 4; lastKnownFileType = text.json; path = amiibo.json; sourceTree = "<group>"; };
		1BF5A2F8295F42F300C7F5A8 /* Dados.swift */ = {isa = PBXFileReference; fileEncoding = 4; lastKnownFileType = sourcecode.swift; path = Dados.swift; sourceTree = "<group>"; };
		1BF5A2F9295F42F300C7F5A8 /* Amiibo.swift */ = {isa = PBXFileReference; fileEncoding = 4; lastKnownFileType = sourcecode.swift; path = Amiibo.swift; sourceTree = "<group>"; };
		1BF5A2FE295F5D9B00C7F5A8 /* DetailView.swift */ = {isa = PBXFileReference; fileEncoding = 4; lastKnownFileType = sourcecode.swift; path = DetailView.swift; sourceTree = "<group>"; };
		1BF5A300295F5DC300C7F5A8 /* LocationMapDialogView.swift */ = {isa = PBXFileReference; fileEncoding = 4; lastKnownFileType = sourcecode.swift; path = LocationMapDialogView.swift; sourceTree = "<group>"; };
		1BF5A302295F5FCD00C7F5A8 /* MapView.swift */ = {isa = PBXFileReference; fileEncoding = 4; lastKnownFileType = sourcecode.swift; path = MapView.swift; sourceTree = "<group>"; };
		1BF5A306295F61A900C7F5A8 /* HomeView.swift */ = {isa = PBXFileReference; lastKnownFileType = sourcecode.swift; path = HomeView.swift; sourceTree = "<group>"; };
		1BF5A308295FA6D400C7F5A8 /* README.md */ = {isa = PBXFileReference; lastKnownFileType = net.daringfireball.markdown; path = README.md; sourceTree = "<group>"; };
		1BF5A30A295FA7C500C7F5A8 /* .gitignore */ = {isa = PBXFileReference; fileEncoding = 4; lastKnownFileType = text; path = .gitignore; sourceTree = "<group>"; };
/* End PBXFileReference section */

/* Begin PBXFrameworksBuildPhase section */
		1BF5A2E1295F358200C7F5A8 /* Frameworks */ = {
			isa = PBXFrameworksBuildPhase;
			buildActionMask = 2147483647;
			files = (
			);
			runOnlyForDeploymentPostprocessing = 0;
		};
/* End PBXFrameworksBuildPhase section */

/* Begin PBXGroup section */
		1BF5A2DB295F358200C7F5A8 = {
			isa = PBXGroup;
			children = (
				1BF5A308295FA6D400C7F5A8 /* README.md */,
				1BF5A30A295FA7C500C7F5A8 /* .gitignore */,
				1BF5A2E6295F358200C7F5A8 /* amiibo */,
				1BF5A2E5295F358200C7F5A8 /* Products */,
			);
			sourceTree = "<group>";
		};
		1BF5A2E5295F358200C7F5A8 /* Products */ = {
			isa = PBXGroup;
			children = (
				1BF5A2E4295F358200C7F5A8 /* amiibo.app */,
			);
			name = Products;
			sourceTree = "<group>";
		};
		1BF5A2E6295F358200C7F5A8 /* amiibo */ = {
			isa = PBXGroup;
			children = (
				1BF5A305295F616D00C7F5A8 /* application */,
				1BF5A304295F615F00C7F5A8 /* ui */,
				1BF5A2F5295F3E7400C7F5A8 /* data */,
				1BF5A2E9295F358200C7F5A8 /* ContentView.swift */,
				1BF5A2EB295F358400C7F5A8 /* Assets.xcassets */,
				1BF5A2ED295F358400C7F5A8 /* Preview Content */,
			);
			path = amiibo;
			sourceTree = "<group>";
		};
		1BF5A2ED295F358400C7F5A8 /* Preview Content */ = {
			isa = PBXGroup;
			children = (
				1BF5A2EE295F358400C7F5A8 /* Preview Assets.xcassets */,
			);
			path = "Preview Content";
			sourceTree = "<group>";
		};
		1BF5A2F5295F3E7400C7F5A8 /* data */ = {
			isa = PBXGroup;
			children = (
				1BF5A2F8295F42F300C7F5A8 /* Dados.swift */,
				1BF5A2F9295F42F300C7F5A8 /* Amiibo.swift */,
				1BF5A2F6295F3F4800C7F5A8 /* amiibo.json */,
			);
			path = data;
			sourceTree = "<group>";
		};
		1BF5A304295F615F00C7F5A8 /* ui */ = {
			isa = PBXGroup;
			children = (
				1BF5A302295F5FCD00C7F5A8 /* MapView.swift */,
				1BF5A300295F5DC300C7F5A8 /* LocationMapDialogView.swift */,
				1BF5A2FE295F5D9B00C7F5A8 /* DetailView.swift */,
				1BF5A306295F61A900C7F5A8 /* HomeView.swift */,
			);
			path = ui;
			sourceTree = "<group>";
		};
		1BF5A305295F616D00C7F5A8 /* application */ = {
			isa = PBXGroup;
			children = (
				1BF5A2E7295F358200C7F5A8 /* amiiboApp.swift */,
			);
			path = application;
			sourceTree = "<group>";
		};
/* End PBXGroup section */

/* Begin PBXNativeTarget section */
		1BF5A2E3295F358200C7F5A8 /* amiibo */ = {
			isa = PBXNativeTarget;
			buildConfigurationList = 1BF5A2F2295F358400C7F5A8 /* Build configuration list for PBXNativeTarget "amiibo" */;
			buildPhases = (
				1BF5A2E0295F358200C7F5A8 /* Sources */,
				1BF5A2E1295F358200C7F5A8 /* Frameworks */,
				1BF5A2E2295F358200C7F5A8 /* Resources */,
			);
			buildRules = (
			);
			dependencies = (
			);
			name = amiibo;
			productName = amiibo;
			productReference = 1BF5A2E4295F358200C7F5A8 /* amiibo.app */;
			productType = "com.apple.product-type.application";
		};
/* End PBXNativeTarget section */

/* Begin PBXProject section */
		1BF5A2DC295F358200C7F5A8 /* Project object */ = {
			isa = PBXProject;
			attributes = {
				BuildIndependentTargetsInParallel = 1;
				LastSwiftUpdateCheck = 1340;
				LastUpgradeCheck = 1340;
				TargetAttributes = {
					1BF5A2E3295F358200C7F5A8 = {
						CreatedOnToolsVersion = 13.4.1;
					};
				};
			};
			buildConfigurationList = 1BF5A2DF295F358200C7F5A8 /* Build configuration list for PBXProject "amiibo" */;
			compatibilityVersion = "Xcode 13.0";
			developmentRegion = en;
			hasScannedForEncodings = 0;
			knownRegions = (
				en,
				Base,
			);
			mainGroup = 1BF5A2DB295F358200C7F5A8;
			productRefGroup = 1BF5A2E5295F358200C7F5A8 /* Products */;
			projectDirPath = "";
			projectRoot = "";
			targets = (
				1BF5A2E3295F358200C7F5A8 /* amiibo */,
			);
		};
/* End PBXProject section */

/* Begin PBXResourcesBuildPhase section */
		1BF5A2E2295F358200C7F5A8 /* Resources */ = {
			isa = PBXResourcesBuildPhase;
			buildActionMask = 2147483647;
			files = (
				1BF5A30B295FA7C500C7F5A8 /* .gitignore in Resources */,
				1BF5A2F7295F3F4800C7F5A8 /* amiibo.json in Resources */,
				1BF5A2EF295F358400C7F5A8 /* Preview Assets.xcassets in Resources */,
				1BF5A2EC295F358400C7F5A8 /* Assets.xcassets in Resources */,
			);
			runOnlyForDeploymentPostprocessing = 0;
		};
/* End PBXResourcesBuildPhase section */

/* Begin PBXSourcesBuildPhase section */
		1BF5A2E0295F358200C7F5A8 /* Sources */ = {
			isa = PBXSourcesBuildPhase;
			buildActionMask = 2147483647;
			files = (
				1BF5A303295F5FCD00C7F5A8 /* MapView.swift in Sources */,
				1BF5A2FB295F42F300C7F5A8 /* Amiibo.swift in Sources */,
				1BF5A2EA295F358200C7F5A8 /* ContentView.swift in Sources */,
				1BF5A2FA295F42F300C7F5A8 /* Dados.swift in Sources */,
				1BF5A301295F5DC300C7F5A8 /* LocationMapDialogView.swift in Sources */,
				1BF5A307295F61A900C7F5A8 /* HomeView.swift in Sources */,
				1BF5A2FF295F5D9B00C7F5A8 /* DetailView.swift in Sources */,
				1BF5A2E8295F358200C7F5A8 /* amiiboApp.swift in Sources */,
			);
			runOnlyForDeploymentPostprocessing = 0;
		};
/* End PBXSourcesBuildPhase section */

/* Begin XCBuildConfiguration section */
		1BF5A2F0295F358400C7F5A8 /* Debug */ = {
			isa = XCBuildConfiguration;
			buildSettings = {
				ALWAYS_SEARCH_USER_PATHS = NO;
				CLANG_ANALYZER_NONNULL = YES;
				CLANG_ANALYZER_NUMBER_OBJECT_CONVERSION = YES_AGGRESSIVE;
				CLANG_CXX_LANGUAGE_STANDARD = "gnu++17";
				CLANG_ENABLE_MODULES = YES;
				CLANG_ENABLE_OBJC_ARC = YES;
				CLANG_ENABLE_OBJC_WEAK = YES;
				CLANG_WARN_BLOCK_CAPTURE_AUTORELEASING = YES;
				CLANG_WARN_BOOL_CONVERSION = YES;
				CLANG_WARN_COMMA = YES;
				CLANG_WARN_CONSTANT_CONVERSION = YES;
				CLANG_WARN_DEPRECATED_OBJC_IMPLEMENTATIONS = YES;
				CLANG_WARN_DIRECT_OBJC_ISA_USAGE = YES_ERROR;
				CLANG_WARN_DOCUMENTATION_COMMENTS = YES;
				CLANG_WARN_EMPTY_BODY = YES;
				CLANG_WARN_ENUM_CONVERSION = YES;
				CLANG_WARN_INFINITE_RECURSION = YES;
				CLANG_WARN_INT_CONVERSION = YES;
				CLANG_WARN_NON_LITERAL_NULL_CONVERSION = YES;
				CLANG_WARN_OBJC_IMPLICIT_RETAIN_SELF = YES;
				CLANG_WARN_OBJC_LITERAL_CONVERSION = YES;
				CLANG_WARN_OBJC_ROOT_CLASS = YES_ERROR;
				CLANG_WARN_QUOTED_INCLUDE_IN_FRAMEWORK_HEADER = YES;
				CLANG_WARN_RANGE_LOOP_ANALYSIS = YES;
				CLANG_WARN_STRICT_PROTOTYPES = YES;
				CLANG_WARN_SUSPICIOUS_MOVE = YES;
				CLANG_WARN_UNGUARDED_AVAILABILITY = YES_AGGRESSIVE;
				CLANG_WARN_UNREACHABLE_CODE = YES;
				CLANG_WARN__DUPLICATE_METHOD_MATCH = YES;
				COPY_PHASE_STRIP = NO;
				DEBUG_INFORMATION_FORMAT = dwarf;
				ENABLE_STRICT_OBJC_MSGSEND = YES;
				ENABLE_TESTABILITY = YES;
				GCC_C_LANGUAGE_STANDARD = gnu11;
				GCC_DYNAMIC_NO_PIC = NO;
				GCC_NO_COMMON_BLOCKS = YES;
				GCC_OPTIMIZATION_LEVEL = 0;
				GCC_PREPROCESSOR_DEFINITIONS = (
					"DEBUG=1",
					"$(inherited)",
				);
				GCC_WARN_64_TO_32_BIT_CONVERSION = YES;
				GCC_WARN_ABOUT_RETURN_TYPE = YES_ERROR;
				GCC_WARN_UNDECLARED_SELECTOR = YES;
				GCC_WARN_UNINITIALIZED_AUTOS = YES_AGGRESSIVE;
				GCC_WARN_UNUSED_FUNCTION = YES;
				GCC_WARN_UNUSED_VARIABLE = YES;
				IPHONEOS_DEPLOYMENT_TARGET = 15.5;
				MTL_ENABLE_DEBUG_INFO = INCLUDE_SOURCE;
				MTL_FAST_MATH = YES;
				ONLY_ACTIVE_ARCH = YES;
				SDKROOT = iphoneos;
				SWIFT_ACTIVE_COMPILATION_CONDITIONS = DEBUG;
				SWIFT_OPTIMIZATION_LEVEL = "-Onone";
			};
			name = Debug;
		};
		1BF5A2F1295F358400C7F5A8 /* Release */ = {
			isa = XCBuildConfiguration;
			buildSettings = {
				ALWAYS_SEARCH_USER_PATHS = NO;
				CLANG_ANALYZER_NONNULL = YES;
				CLANG_ANALYZER_NUMBER_OBJECT_CONVERSION = YES_AGGRESSIVE;
				CLANG_CXX_LANGUAGE_STANDARD = "gnu++17";
				CLANG_ENABLE_MODULES = YES;
				CLANG_ENABLE_OBJC_ARC = YES;
				CLANG_ENABLE_OBJC_WEAK = YES;
				CLANG_WARN_BLOCK_CAPTURE_AUTORELEASING = YES;
				CLANG_WARN_BOOL_CONVERSION = YES;
				CLANG_WARN_COMMA = YES;
				CLANG_WARN_CONSTANT_CONVERSION = YES;
				CLANG_WARN_DEPRECATED_OBJC_IMPLEMENTATIONS = YES;
				CLANG_WARN_DIRECT_OBJC_ISA_USAGE = YES_ERROR;
				CLANG_WARN_DOCUMENTATION_COMMENTS = YES;
				CLANG_WARN_EMPTY_BODY = YES;
				CLANG_WARN_ENUM_CONVERSION = YES;
				CLANG_WARN_INFINITE_RECURSION = YES;
				CLANG_WARN_INT_CONVERSION = YES;
				CLANG_WARN_NON_LITERAL_NULL_CONVERSION = YES;
				CLANG_WARN_OBJC_IMPLICIT_RETAIN_SELF = YES;
				CLANG_WARN_OBJC_LITERAL_CONVERSION = YES;
				CLANG_WARN_OBJC_ROOT_CLASS = YES_ERROR;
				CLANG_WARN_QUOTED_INCLUDE_IN_FRAMEWORK_HEADER = YES;
				CLANG_WARN_RANGE_LOOP_ANALYSIS = YES;
				CLANG_WARN_STRICT_PROTOTYPES = YES;
				CLANG_WARN_SUSPICIOUS_MOVE = YES;
				CLANG_WARN_UNGUARDED_AVAILABILITY = YES_AGGRESSIVE;
				CLANG_WARN_UNREACHABLE_CODE = YES;
				CLANG_WARN__DUPLICATE_METHOD_MATCH = YES;
				COPY_PHASE_STRIP = NO;
				DEBUG_INFORMATION_FORMAT = "dwarf-with-dsym";
				ENABLE_NS_ASSERTIONS = NO;
				ENABLE_STRICT_OBJC_MSGSEND = YES;
				GCC_C_LANGUAGE_STANDARD = gnu11;
				GCC_NO_COMMON_BLOCKS = YES;
				GCC_WARN_64_TO_32_BIT_CONVERSION = YES;
				GCC_WARN_ABOUT_RETURN_TYPE = YES_ERROR;
				GCC_WARN_UNDECLARED_SELECTOR = YES;
				GCC_WARN_UNINITIALIZED_AUTOS = YES_AGGRESSIVE;
				GCC_WARN_UNUSED_FUNCTION = YES;
				GCC_WARN_UNUSED_VARIABLE = YES;
				IPHONEOS_DEPLOYMENT_TARGET = 15.5;
				MTL_ENABLE_DEBUG_INFO = NO;
				MTL_FAST_MATH = YES;
				SDKROOT = iphoneos;
				SWIFT_COMPILATION_MODE = wholemodule;
				SWIFT_OPTIMIZATION_LEVEL = "-O";
				VALIDATE_PRODUCT = YES;
			};
			name = Release;
		};
		1BF5A2F3295F358400C7F5A8 /* Debug */ = {
			isa = XCBuildConfiguration;
			buildSettings = {
				ASSETCATALOG_COMPILER_APPICON_NAME = AppIcon;
				ASSETCATALOG_COMPILER_GLOBAL_ACCENT_COLOR_NAME = AccentColor;
				CODE_SIGN_STYLE = Automatic;
				CURRENT_PROJECT_VERSION = 1;
				DEVELOPMENT_ASSET_PATHS = "\"amiibo/Preview Content\"";
				DEVELOPMENT_TEAM = TPTZGCTSVC;
				ENABLE_PREVIEWS = YES;
				GENERATE_INFOPLIST_FILE = YES;
				INFOPLIST_KEY_UIApplicationSceneManifest_Generation = YES;
				INFOPLIST_KEY_UIApplicationSupportsIndirectInputEvents = YES;
				INFOPLIST_KEY_UILaunchScreen_Generation = YES;
				INFOPLIST_KEY_UISupportedInterfaceOrientations_iPad = "UIInterfaceOrientationPortrait UIInterfaceOrientationPortraitUpsideDown UIInterfaceOrientationLandscapeLeft UIInterfaceOrientationLandscapeRight";
				INFOPLIST_KEY_UISupportedInterfaceOrientations_iPhone = "UIInterfaceOrientationPortrait UIInterfaceOrientationLandscapeLeft UIInterfaceOrientationLandscapeRight";
				LD_RUNPATH_SEARCH_PATHS = (
					"$(inherited)",
					"@executable_path/Frameworks",
				);
				MARKETING_VERSION = 1.0;
				PRODUCT_BUNDLE_IDENTIFIER = com.quanticheart.amiibo;
				PRODUCT_NAME = "$(TARGET_NAME)";
				SWIFT_EMIT_LOC_STRINGS = YES;
				SWIFT_VERSION = 5.0;
				TARGETED_DEVICE_FAMILY = "1,2";
			};
			name = Debug;
		};
		1BF5A2F4295F358400C7F5A8 /* Release */ = {
			isa = XCBuildConfiguration;
			buildSettings = {
				ASSETCATALOG_COMPILER_APPICON_NAME = AppIcon;
				ASSETCATALOG_COMPILER_GLOBAL_ACCENT_COLOR_NAME = AccentColor;
				CODE_SIGN_STYLE = Automatic;
				CURRENT_PROJECT_VERSION = 1;
				DEVELOPMENT_ASSET_PATHS = "\"amiibo/Preview Content\"";
				DEVELOPMENT_TEAM = TPTZGCTSVC;
				ENABLE_PREVIEWS = YES;
				GENERATE_INFOPLIST_FILE = YES;
				INFOPLIST_KEY_UIApplicationSceneManifest_Generation = YES;
				INFOPLIST_KEY_UIApplicationSupportsIndirectInputEvents = YES;
				INFOPLIST_KEY_UILaunchScreen_Generation = YES;
				INFOPLIST_KEY_UISupportedInterfaceOrientations_iPad = "UIInterfaceOrientationPortrait UIInterfaceOrientationPortraitUpsideDown UIInterfaceOrientationLandscapeLeft UIInterfaceOrientationLandscapeRight";
				INFOPLIST_KEY_UISupportedInterfaceOrientations_iPhone = "UIInterfaceOrientationPortrait UIInterfaceOrientationLandscapeLeft UIInterfaceOrientationLandscapeRight";
				LD_RUNPATH_SEARCH_PATHS = (
					"$(inherited)",
					"@executable_path/Frameworks",
				);
				MARKETING_VERSION = 1.0;
				PRODUCT_BUNDLE_IDENTIFIER = com.quanticheart.amiibo;
				PRODUCT_NAME = "$(TARGET_NAME)";
				SWIFT_EMIT_LOC_STRINGS = YES;
				SWIFT_VERSION = 5.0;
				TARGETED_DEVICE_FAMILY = "1,2";
			};
			name = Release;
		};
/* End XCBuildConfiguration section */

/* Begin XCConfigurationList section */
		1BF5A2DF295F358200C7F5A8 /* Build configuration list for PBXProject "amiibo" */ = {
			isa = XCConfigurationList;
			buildConfigurations = (
				1BF5A2F0295F358400C7F5A8 /* Debug */,
				1BF5A2F1295F358400C7F5A8 /* Release */,
			);
			defaultConfigurationIsVisible = 0;
			defaultConfigurationName = Release;
		};
		1BF5A2F2295F358400C7F5A8 /* Build configuration list for PBXNativeTarget "amiibo" */ = {
			isa = XCConfigurationList;
			buildConfigurations = (
				1BF5A2F3295F358400C7F5A8 /* Debug */,
				1BF5A2F4295F358400C7F5A8 /* Release */,
			);
			defaultConfigurationIsVisible = 0;
			defaultConfigurationName = Release;
		};
/* End XCConfigurationList section */
	};
	rootObject = 1BF5A2DC295F358200C7F5A8 /* Project object */;
}
